
Microsoft Visual Studio Solution File, Format Version 12.00
# Visual Studio Version 17
VisualStudioVersion = 17.0.31912.275
MinimumVisualStudioVersion = 10.0.40219.1
Project("{FAE04EC0-301F-11D3-BF4B-00C04F79EFBC}") = "Restaurant Billing System", "Restaurant Billing System\Restaurant Billing System.csproj", "{BE134D28-F1C9-4ABF-9D6A-6D1CC3F2B514}"
EndProject
Global
	GlobalSection(SolutionConfigurationPlatforms) = preSolution
		Debug|Any CPU = Debug|Any CPU
		Release|Any CPU = Release|Any CPU
	EndGlobalSection
	GlobalSection(ProjectConfigurationPlatforms) = postSolution
		{BE134D28-F1C9-4ABF-9D6A-6D1CC3F2B514}.Debug|Any CPU.ActiveCfg = Debug|Any CPU
		{BE134D28-F1C9-4ABF-9D6A-6D1CC3F2B514}.Debug|Any CPU.Build.0 = Debug|Any CPU
		{BE134D28-F1C9-4ABF-9D6A-6D1CC3F2B514}.Release|Any CPU.ActiveCfg = Release|Any CPU
		{BE134D28-F1C9-4ABF-9D6A-6D1CC3F2B514}.Release|Any CPU.Build.0 = Release|Any CPU
	EndGlobalSection
	GlobalSection(SolutionProperties) = preSolution
		HideSolutionNode = FALSE
	EndGlobalSection
	GlobalSection(ExtensibilityGlobals) = postSolution
		SolutionGuid = {483A0A86-FD97-447E-AF10-EFAD6EEEA300}
	EndGlobalSection
EndGlobal
