
Microsoft Visual Studio Solution File, Format Version 12.00
# Visual Studio Version 17
VisualStudioVersion = 17.0.31912.275
MinimumVisualStudioVersion = 10.0.40219.1
Project("{FAE04EC0-301F-11D3-BF4B-00C04F79EFBC}") = "ListBox_Control", "ListBox_Control\ListBox_Control.csproj", "{4D32F620-282C-4C8B-8BF8-AC88A40B0D86}"
EndProject
Global
	GlobalSection(SolutionConfigurationPlatforms) = preSolution
		Debug|Any CPU = Debug|Any CPU
		Release|Any CPU = Release|Any CPU
	EndGlobalSection
	GlobalSection(ProjectConfigurationPlatforms) = postSolution
		{4D32F620-282C-4C8B-8BF8-AC88A40B0D86}.Debug|Any CPU.ActiveCfg = Debug|Any CPU
		{4D32F620-282C-4C8B-8BF8-AC88A40B0D86}.Debug|Any CPU.Build.0 = Debug|Any CPU
		{4D32F620-282C-4C8B-8BF8-AC88A40B0D86}.Release|Any CPU.ActiveCfg = Release|Any CPU
		{4D32F620-282C-4C8B-8BF8-AC88A40B0D86}.Release|Any CPU.Build.0 = Release|Any CPU
	EndGlobalSection
	GlobalSection(SolutionProperties) = preSolution
		HideSolutionNode = FALSE
	EndGlobalSection
	GlobalSection(ExtensibilityGlobals) = postSolution
		SolutionGuid = {547459B8-FF9C-42A8-9C6E-77D285F6EC99}
	EndGlobalSection
EndGlobal
